
Microsoft Visual Studio Solution File, Format Version 12.00
# Visual Studio Version 17
VisualStudioVersion = 17.14.36511.14 d17.14
MinimumVisualStudioVersion = 10.0.40219.1
Project("{FAE04EC0-301F-11D3-BF4B-00C04F79EFBC}") = "CRM", "CRM\CRM.csproj", "{4C266BE0-F0CC-4C61-9928-756576248A9B}"
EndProject
Global
	GlobalSection(SolutionConfigurationPlatforms) = preSolution
		Debug|Any CPU = Debug|Any CPU
		Release|Any CPU = Release|Any CPU
	EndGlobalSection
	GlobalSection(ProjectConfigurationPlatforms) = postSolution
		{4C266BE0-F0CC-4C61-9928-756576248A9B}.Debug|Any CPU.ActiveCfg = Debug|Any CPU
		{4C266BE0-F0CC-4C61-9928-756576248A9B}.Debug|Any CPU.Build.0 = Debug|Any CPU
		{4C266BE0-F0CC-4C61-9928-756576248A9B}.Release|Any CPU.ActiveCfg = Release|Any CPU
		{4C266BE0-F0CC-4C61-9928-756576248A9B}.Release|Any CPU.Build.0 = Release|Any CPU
	EndGlobalSection
	GlobalSection(SolutionProperties) = preSolution
		HideSolutionNode = FALSE
	EndGlobalSection
	GlobalSection(ExtensibilityGlobals) = postSolution
		SolutionGuid = {63D51695-C846-4D8B-98C8-850F62A3188D}
	EndGlobalSection
EndGlobal
